
Microsoft Visual Studio Solution File, Format Version 12.00
# Visual Studio Version 17
VisualStudioVersion = 17.7.34031.279
MinimumVisualStudioVersion = 10.0.40219.1
Project("{FAE04EC0-301F-11D3-BF4B-00C04F79EFBC}") = "Budget", "Budget\Budget.csproj", "{446AAE5A-69F0-4D79-AC47-B9EE9690F2A2}"
EndProject
Global
	GlobalSection(SolutionConfigurationPlatforms) = preSolution
		Debug|Any CPU = Debug|Any CPU
		Release|Any CPU = Release|Any CPU
	EndGlobalSection
	GlobalSection(ProjectConfigurationPlatforms) = postSolution
		{446AAE5A-69F0-4D79-AC47-B9EE9690F2A2}.Debug|Any CPU.ActiveCfg = Debug|Any CPU
		{446AAE5A-69F0-4D79-AC47-B9EE9690F2A2}.Debug|Any CPU.Build.0 = Debug|Any CPU
		{446AAE5A-69F0-4D79-AC47-B9EE9690F2A2}.Release|Any CPU.ActiveCfg = Release|Any CPU
		{446AAE5A-69F0-4D79-AC47-B9EE9690F2A2}.Release|Any CPU.Build.0 = Release|Any CPU
	EndGlobalSection
	GlobalSection(SolutionProperties) = preSolution
		HideSolutionNode = FALSE
	EndGlobalSection
	GlobalSection(ExtensibilityGlobals) = postSolution
		SolutionGuid = {5F46AEF3-CB61-4E17-91E6-0F9D68791155}
	EndGlobalSection
EndGlobal
